// !$*UTF8*$!
{
	archiveVersion = 1;
	classes = {
	};
	objectVersion = 46;
	objects = {

/* Begin PBXBuildFile section */
		960CA92B1B98BB9D00023702 /* ResponseObject.swift in Sources */ = {isa = PBXBuildFile; fileRef = 960CA92A1B98BB9D00023702 /* ResponseObject.swift */; };
		960CA92D1B99CD1F00023702 /* ResponseArray.swift in Sources */ = {isa = PBXBuildFile; fileRef = 960CA92C1B99CD1F00023702 /* ResponseArray.swift */; };
		960CA92F1B99E10800023702 /* GoToPlateViewController.swift in Sources */ = {isa = PBXBuildFile; fileRef = 960CA92E1B99E10800023702 /* GoToPlateViewController.swift */; };
		96420B731B7BA4A5004BB424 /* AppDelegate.swift in Sources */ = {isa = PBXBuildFile; fileRef = 96420B721B7BA4A5004BB424 /* AppDelegate.swift */; };
		96420B751B7BA4A5004BB424 /* HomeViewController.swift in Sources */ = {isa = PBXBuildFile; fileRef = 96420B741B7BA4A5004BB424 /* HomeViewController.swift */; };
		96420B781B7BA4A5004BB424 /* Onboarding.storyboard in Resources */ = {isa = PBXBuildFile; fileRef = 96420B761B7BA4A5004BB424 /* Onboarding.storyboard */; };
		96420B7A1B7BA4A5004BB424 /* Images.xcassets in Resources */ = {isa = PBXBuildFile; fileRef = 96420B791B7BA4A5004BB424 /* Images.xcassets */; };
		96420B7D1B7BA4A5004BB424 /* LaunchScreen.xib in Resources */ = {isa = PBXBuildFile; fileRef = 96420B7B1B7BA4A5004BB424 /* LaunchScreen.xib */; };
		969D18F51B9A3914000E1779 /* IPAddress.swift in Sources */ = {isa = PBXBuildFile; fileRef = 969D18F41B9A3914000E1779 /* IPAddress.swift */; };
		96C2A0981B7BAA32007F45E6 /* Post.swift in Sources */ = {isa = PBXBuildFile; fileRef = 96C2A0971B7BAA32007F45E6 /* Post.swift */; };
		96C2A09B1B7BAB4D007F45E6 /* Router.swift in Sources */ = {isa = PBXBuildFile; fileRef = 96C2A09A1B7BAB4D007F45E6 /* Router.swift */; };
		96C2A09E1B7BB250007F45E6 /* PostCell.swift in Sources */ = {isa = PBXBuildFile; fileRef = 96C2A09D1B7BB250007F45E6 /* PostCell.swift */; };
		96C2A0A01B7BBC78007F45E6 /* CreatePostViewController.swift in Sources */ = {isa = PBXBuildFile; fileRef = 96C2A09F1B7BBC78007F45E6 /* CreatePostViewController.swift */; };
		96C2A0A61B7BD984007F45E6 /* Storyboards.swift in Sources */ = {isa = PBXBuildFile; fileRef = 96C2A0A51B7BD984007F45E6 /* Storyboards.swift */; };
		96C2A0A91B7CCA71007F45E6 /* FBSDKCoreKit.framework in Frameworks */ = {isa = PBXBuildFile; fileRef = 96C2A0A71B7CCA71007F45E6 /* FBSDKCoreKit.framework */; };
		96C2A0AA1B7CCA71007F45E6 /* FBSDKLoginKit.framework in Frameworks */ = {isa = PBXBuildFile; fileRef = 96C2A0A81B7CCA71007F45E6 /* FBSDKLoginKit.framework */; };
		96C2A0B01B7CCC71007F45E6 /* LoginViewController.swift in Sources */ = {isa = PBXBuildFile; fileRef = 96C2A0AF1B7CCC71007F45E6 /* LoginViewController.swift */; };
		96C2A0B21B7CCDB2007F45E6 /* Cars.storyboard in Resources */ = {isa = PBXBuildFile; fileRef = 96C2A0B11B7CCDB2007F45E6 /* Cars.storyboard */; };
		96C2A0B51B7CD153007F45E6 /* InterStoryboardsPushSegue.swift in Sources */ = {isa = PBXBuildFile; fileRef = 96C2A0B41B7CD153007F45E6 /* InterStoryboardsPushSegue.swift */; };
		96C2A0B71B7CD88B007F45E6 /* InterStoryboardsPresentSegue.swift in Sources */ = {isa = PBXBuildFile; fileRef = 96C2A0B61B7CD88B007F45E6 /* InterStoryboardsPresentSegue.swift */; };
		96C2A0B91B7CFF8D007F45E6 /* InterStoryboardsSegue.swift in Sources */ = {isa = PBXBuildFile; fileRef = 96C2A0B81B7CFF8D007F45E6 /* InterStoryboardsSegue.swift */; };
		BA68FB31E460CB62994E8CB0 /* Pods_FalaComMeuCarro.framework in Frameworks */ = {isa = PBXBuildFile; fileRef = E6BCFE844937C8674A26BB59 /* Pods_FalaComMeuCarro.framework */; settings = {ATTRIBUTES = (Weak, ); }; };
/* End PBXBuildFile section */

/* Begin PBXFileReference section */
		08275B905E911FAE3176747F /* Pods-FalaComMeuCarro.debug.xcconfig */ = {isa = PBXFileReference; includeInIndex = 1; lastKnownFileType = text.xcconfig; name = "Pods-FalaComMeuCarro.debug.xcconfig"; path = "Pods/Target Support Files/Pods-FalaComMeuCarro/Pods-FalaComMeuCarro.debug.xcconfig"; sourceTree = "<group>"; };
		621D447816203B459B48FB2E /* Pods-FalaComMeuCarro.release.xcconfig */ = {isa = PBXFileReference; includeInIndex = 1; lastKnownFileType = text.xcconfig; name = "Pods-FalaComMeuCarro.release.xcconfig"; path = "Pods/Target Support Files/Pods-FalaComMeuCarro/Pods-FalaComMeuCarro.release.xcconfig"; sourceTree = "<group>"; };
		84B00DA64B23109C00F37F80 /* Pods-ProjectCarsiOS.debug.xcconfig */ = {isa = PBXFileReference; includeInIndex = 1; lastKnownFileType = text.xcconfig; name = "Pods-ProjectCarsiOS.debug.xcconfig"; path = "Pods/Target Support Files/Pods-ProjectCarsiOS/Pods-ProjectCarsiOS.debug.xcconfig"; sourceTree = "<group>"; };
		960CA92A1B98BB9D00023702 /* ResponseObject.swift */ = {isa = PBXFileReference; fileEncoding = 4; lastKnownFileType = sourcecode.swift; path = ResponseObject.swift; sourceTree = "<group>"; };
		960CA92C1B99CD1F00023702 /* ResponseArray.swift */ = {isa = PBXFileReference; fileEncoding = 4; lastKnownFileType = sourcecode.swift; path = ResponseArray.swift; sourceTree = "<group>"; };
		960CA92E1B99E10800023702 /* GoToPlateViewController.swift */ = {isa = PBXFileReference; fileEncoding = 4; lastKnownFileType = sourcecode.swift; path = GoToPlateViewController.swift; sourceTree = "<group>"; };
		96420B6D1B7BA4A5004BB424 /* FalaComMeuCarro.app */ = {isa = PBXFileReference; explicitFileType = wrapper.application; includeInIndex = 0; path = FalaComMeuCarro.app; sourceTree = BUILT_PRODUCTS_DIR; };
		96420B711B7BA4A5004BB424 /* Info.plist */ = {isa = PBXFileReference; lastKnownFileType = text.plist.xml; path = Info.plist; sourceTree = "<group>"; };
		96420B721B7BA4A5004BB424 /* AppDelegate.swift */ = {isa = PBXFileReference; lastKnownFileType = sourcecode.swift; path = AppDelegate.swift; sourceTree = "<group>"; };
		96420B741B7BA4A5004BB424 /* HomeViewController.swift */ = {isa = PBXFileReference; lastKnownFileType = sourcecode.swift; path = HomeViewController.swift; sourceTree = "<group>"; };
		96420B771B7BA4A5004BB424 /* Base */ = {isa = PBXFileReference; lastKnownFileType = file.storyboard; name = Base; path = Base.lproj/Onboarding.storyboard; sourceTree = "<group>"; };
		96420B791B7BA4A5004BB424 /* Images.xcassets */ = {isa = PBXFileReference; lastKnownFileType = folder.assetcatalog; path = Images.xcassets; sourceTree = "<group>"; };
		96420B7C1B7BA4A5004BB424 /* Base */ = {isa = PBXFileReference; lastKnownFileType = file.xib; name = Base; path = Base.lproj/LaunchScreen.xib; sourceTree = "<group>"; };
		96420B871B7BA4A5004BB424 /* Info.plist */ = {isa = PBXFileReference; lastKnownFileType = text.plist.xml; path = Info.plist; sourceTree = "<group>"; };
		96420B881B7BA4A5004BB424 /* ProjectCarsiOSTests.swift */ = {isa = PBXFileReference; lastKnownFileType = sourcecode.swift; path = ProjectCarsiOSTests.swift; sourceTree = "<group>"; };
		969D18F41B9A3914000E1779 /* IPAddress.swift */ = {isa = PBXFileReference; fileEncoding = 4; lastKnownFileType = sourcecode.swift; path = IPAddress.swift; sourceTree = "<group>"; };
		96C2A0971B7BAA32007F45E6 /* Post.swift */ = {isa = PBXFileReference; fileEncoding = 4; lastKnownFileType = sourcecode.swift; path = Post.swift; sourceTree = "<group>"; };
		96C2A09A1B7BAB4D007F45E6 /* Router.swift */ = {isa = PBXFileReference; fileEncoding = 4; lastKnownFileType = sourcecode.swift; path = Router.swift; sourceTree = "<group>"; };
		96C2A09D1B7BB250007F45E6 /* PostCell.swift */ = {isa = PBXFileReference; fileEncoding = 4; lastKnownFileType = sourcecode.swift; path = PostCell.swift; sourceTree = "<group>"; };
		96C2A09F1B7BBC78007F45E6 /* CreatePostViewController.swift */ = {isa = PBXFileReference; fileEncoding = 4; lastKnownFileType = sourcecode.swift; path = CreatePostViewController.swift; sourceTree = "<group>"; };
		96C2A0A51B7BD984007F45E6 /* Storyboards.swift */ = {isa = PBXFileReference; fileEncoding = 4; lastKnownFileType = sourcecode.swift; path = Storyboards.swift; sourceTree = "<group>"; };
		96C2A0A71B7CCA71007F45E6 /* FBSDKCoreKit.framework */ = {isa = PBXFileReference; lastKnownFileType = wrapper.framework; path = FBSDKCoreKit.framework; sourceTree = "<group>"; };
		96C2A0A81B7CCA71007F45E6 /* FBSDKLoginKit.framework */ = {isa = PBXFileReference; lastKnownFileType = wrapper.framework; path = FBSDKLoginKit.framework; sourceTree = "<group>"; };
		96C2A0AB1B7CCB1C007F45E6 /* FalaComMeuCarro-Bridging-Header.h */ = {isa = PBXFileReference; lastKnownFileType = sourcecode.c.h; path = "FalaComMeuCarro-Bridging-Header.h"; sourceTree = "<group>"; };
		96C2A0AF1B7CCC71007F45E6 /* LoginViewController.swift */ = {isa = PBXFileReference; fileEncoding = 4; lastKnownFileType = sourcecode.swift; path = LoginViewController.swift; sourceTree = "<group>"; };
		96C2A0B11B7CCDB2007F45E6 /* Cars.storyboard */ = {isa = PBXFileReference; fileEncoding = 4; lastKnownFileType = file.storyboard; path = Cars.storyboard; sourceTree = "<group>"; };
		96C2A0B41B7CD153007F45E6 /* InterStoryboardsPushSegue.swift */ = {isa = PBXFileReference; fileEncoding = 4; lastKnownFileType = sourcecode.swift; path = InterStoryboardsPushSegue.swift; sourceTree = "<group>"; };
		96C2A0B61B7CD88B007F45E6 /* InterStoryboardsPresentSegue.swift */ = {isa = PBXFileReference; fileEncoding = 4; lastKnownFileType = sourcecode.swift; path = InterStoryboardsPresentSegue.swift; sourceTree = "<group>"; };
		96C2A0B81B7CFF8D007F45E6 /* InterStoryboardsSegue.swift */ = {isa = PBXFileReference; fileEncoding = 4; lastKnownFileType = sourcecode.swift; path = InterStoryboardsSegue.swift; sourceTree = "<group>"; };
		D153D0C973F823101D9357E0 /* Pods-ProjectCarsiOS.release.xcconfig */ = {isa = PBXFileReference; includeInIndex = 1; lastKnownFileType = text.xcconfig; name = "Pods-ProjectCarsiOS.release.xcconfig"; path = "Pods/Target Support Files/Pods-ProjectCarsiOS/Pods-ProjectCarsiOS.release.xcconfig"; sourceTree = "<group>"; };
		E5442C7B03FA00E27F3157D2 /* Pods_ProjectCarsiOS.framework */ = {isa = PBXFileReference; explicitFileType = wrapper.framework; includeInIndex = 0; path = Pods_ProjectCarsiOS.framework; sourceTree = BUILT_PRODUCTS_DIR; };
		E6BCFE844937C8674A26BB59 /* Pods_FalaComMeuCarro.framework */ = {isa = PBXFileReference; explicitFileType = wrapper.framework; includeInIndex = 0; path = Pods_FalaComMeuCarro.framework; sourceTree = BUILT_PRODUCTS_DIR; };
/* End PBXFileReference section */

/* Begin PBXFrameworksBuildPhase section */
		96420B6A1B7BA4A5004BB424 /* Frameworks */ = {
			isa = PBXFrameworksBuildPhase;
			buildActionMask = 2147483647;
			files = (
				96C2A0A91B7CCA71007F45E6 /* FBSDKCoreKit.framework in Frameworks */,
				96C2A0AA1B7CCA71007F45E6 /* FBSDKLoginKit.framework in Frameworks */,
				BA68FB31E460CB62994E8CB0 /* Pods_FalaComMeuCarro.framework in Frameworks */,
			);
			runOnlyForDeploymentPostprocessing = 0;
		};
/* End PBXFrameworksBuildPhase section */

/* Begin PBXGroup section */
		132A7A45EA27A6C9AD61DCD2 /* Pods */ = {
			isa = PBXGroup;
			children = (
				84B00DA64B23109C00F37F80 /* Pods-ProjectCarsiOS.debug.xcconfig */,
				D153D0C973F823101D9357E0 /* Pods-ProjectCarsiOS.release.xcconfig */,
				08275B905E911FAE3176747F /* Pods-FalaComMeuCarro.debug.xcconfig */,
				621D447816203B459B48FB2E /* Pods-FalaComMeuCarro.release.xcconfig */,
			);
			name = Pods;
			sourceTree = "<group>";
		};
		836034216C051BA26474C33C /* Frameworks */ = {
			isa = PBXGroup;
			children = (
				96C2A0A71B7CCA71007F45E6 /* FBSDKCoreKit.framework */,
				96C2A0A81B7CCA71007F45E6 /* FBSDKLoginKit.framework */,
				E5442C7B03FA00E27F3157D2 /* Pods_ProjectCarsiOS.framework */,
				E6BCFE844937C8674A26BB59 /* Pods_FalaComMeuCarro.framework */,
			);
			name = Frameworks;
			sourceTree = "<group>";
		};
		96420B641B7BA4A5004BB424 = {
			isa = PBXGroup;
			children = (
				96420B6F1B7BA4A5004BB424 /* FalaComMeuCarro */,
				96420B851B7BA4A5004BB424 /* FalaComMeuCarroTests */,
				96420B6E1B7BA4A5004BB424 /* Products */,
				132A7A45EA27A6C9AD61DCD2 /* Pods */,
				836034216C051BA26474C33C /* Frameworks */,
			);
			sourceTree = "<group>";
		};
		96420B6E1B7BA4A5004BB424 /* Products */ = {
			isa = PBXGroup;
			children = (
				96420B6D1B7BA4A5004BB424 /* FalaComMeuCarro.app */,
			);
			name = Products;
			sourceTree = "<group>";
		};
		96420B6F1B7BA4A5004BB424 /* FalaComMeuCarro */ = {
			isa = PBXGroup;
			children = (
				96420B721B7BA4A5004BB424 /* AppDelegate.swift */,
				96420B921B7BA58D004BB424 /* Controllers */,
				96420B931B7BA591004BB424 /* Models */,
				96C2A0B31B7CD127007F45E6 /* Segue */,
				96C2A0991B7BAB03007F45E6 /* Services */,
				96C2A0A51B7BD984007F45E6 /* Storyboards.swift */,
				96420B701B7BA4A5004BB424 /* Supporting Files */,
				96420B941B7BA596004BB424 /* Views */,
			);
			path = FalaComMeuCarro;
			sourceTree = "<group>";
		};
		96420B701B7BA4A5004BB424 /* Supporting Files */ = {
			isa = PBXGroup;
			children = (
				96C2A0AB1B7CCB1C007F45E6 /* FalaComMeuCarro-Bridging-Header.h */,
				96420B791B7BA4A5004BB424 /* Images.xcassets */,
				96420B711B7BA4A5004BB424 /* Info.plist */,
			);
			path = "Supporting Files";
			sourceTree = "<group>";
		};
		96420B851B7BA4A5004BB424 /* FalaComMeuCarroTests */ = {
			isa = PBXGroup;
			children = (
				96420B881B7BA4A5004BB424 /* ProjectCarsiOSTests.swift */,
				96420B861B7BA4A5004BB424 /* Supporting Files */,
			);
			path = FalaComMeuCarroTests;
			sourceTree = "<group>";
		};
		96420B861B7BA4A5004BB424 /* Supporting Files */ = {
			isa = PBXGroup;
			children = (
				96420B871B7BA4A5004BB424 /* Info.plist */,
			);
			path = "Supporting Files";
			sourceTree = "<group>";
		};
		96420B921B7BA58D004BB424 /* Controllers */ = {
			isa = PBXGroup;
			children = (
				96C2A09F1B7BBC78007F45E6 /* CreatePostViewController.swift */,
				96420B741B7BA4A5004BB424 /* HomeViewController.swift */,
				96C2A0AF1B7CCC71007F45E6 /* LoginViewController.swift */,
				960CA92E1B99E10800023702 /* GoToPlateViewController.swift */,
			);
			path = Controllers;
			sourceTree = "<group>";
		};
		96420B931B7BA591004BB424 /* Models */ = {
			isa = PBXGroup;
			children = (
				969D18F41B9A3914000E1779 /* IPAddress.swift */,
				96C2A0971B7BAA32007F45E6 /* Post.swift */,
				960CA92C1B99CD1F00023702 /* ResponseArray.swift */,
				960CA92A1B98BB9D00023702 /* ResponseObject.swift */,
			);
			path = Models;
			sourceTree = "<group>";
		};
		96420B941B7BA596004BB424 /* Views */ = {
			isa = PBXGroup;
			children = (
				96C2A09C1B7BAFC2007F45E6 /* TableViewCells */,
				96420B761B7BA4A5004BB424 /* Onboarding.storyboard */,
				96420B7B1B7BA4A5004BB424 /* LaunchScreen.xib */,
				96C2A0B11B7CCDB2007F45E6 /* Cars.storyboard */,
			);
			path = Views;
			sourceTree = "<group>";
		};
		96C2A0991B7BAB03007F45E6 /* Services */ = {
			isa = PBXGroup;
			children = (
				96C2A09A1B7BAB4D007F45E6 /* Router.swift */,
			);
			path = Services;
			sourceTree = "<group>";
		};
		96C2A09C1B7BAFC2007F45E6 /* TableViewCells */ = {
			isa = PBXGroup;
			children = (
				96C2A09D1B7BB250007F45E6 /* PostCell.swift */,
			);
			path = TableViewCells;
			sourceTree = "<group>";
		};
		96C2A0B31B7CD127007F45E6 /* Segue */ = {
			isa = PBXGroup;
			children = (
				96C2A0B41B7CD153007F45E6 /* InterStoryboardsPushSegue.swift */,
				96C2A0B61B7CD88B007F45E6 /* InterStoryboardsPresentSegue.swift */,
				96C2A0B81B7CFF8D007F45E6 /* InterStoryboardsSegue.swift */,
			);
			path = Segue;
			sourceTree = "<group>";
		};
/* End PBXGroup section */

/* Begin PBXNativeTarget section */
		96420B6C1B7BA4A5004BB424 /* FalaComMeuCarro */ = {
			isa = PBXNativeTarget;
			buildConfigurationList = 96420B8C1B7BA4A5004BB424 /* Build configuration list for PBXNativeTarget "FalaComMeuCarro" */;
			buildPhases = (
				CACDF51FDA934EC85A7F4B64 /* Check Pods Manifest.lock */,
				969D18F31B9A3859000E1779 /* Run Script - IP Address ruby */,
				96C2A0A41B7BD945007F45E6 /* Run Script - Natalie */,
				96420B691B7BA4A5004BB424 /* Sources */,
				96420B6A1B7BA4A5004BB424 /* Frameworks */,
				96420B6B1B7BA4A5004BB424 /* Resources */,
				319C860B3DDF69F6E8A88F47 /* Embed Pods Frameworks */,
				5BFD8E9AA91EDE4D2248213E /* Copy Pods Resources */,
				960CA9301B9A0F1000023702 /* Run Script - Fabric */,
			);
			buildRules = (
			);
			dependencies = (
			);
			name = FalaComMeuCarro;
			productName = ProjectCarsiOS;
			productReference = 96420B6D1B7BA4A5004BB424 /* FalaComMeuCarro.app */;
			productType = "com.apple.product-type.application";
		};
/* End PBXNativeTarget section */

/* Begin PBXProject section */
		96420B651B7BA4A5004BB424 /* Project object */ = {
			isa = PBXProject;
			attributes = {
				LastUpgradeCheck = 0640;
				ORGANIZATIONNAME = HB;
				TargetAttributes = {
					96420B6C1B7BA4A5004BB424 = {
						CreatedOnToolsVersion = 6.4;
						DevelopmentTeam = ATB5PVNS89;
					};
				};
			};
			buildConfigurationList = 96420B681B7BA4A5004BB424 /* Build configuration list for PBXProject "FalaComMeuCarro" */;
			compatibilityVersion = "Xcode 3.2";
			developmentRegion = English;
			hasScannedForEncodings = 0;
			knownRegions = (
				en,
				Base,
			);
			mainGroup = 96420B641B7BA4A5004BB424;
			productRefGroup = 96420B6E1B7BA4A5004BB424 /* Products */;
			projectDirPath = "";
			projectRoot = "";
			targets = (
				96420B6C1B7BA4A5004BB424 /* FalaComMeuCarro */,
			);
		};
/* End PBXProject section */

/* Begin PBXResourcesBuildPhase section */
		96420B6B1B7BA4A5004BB424 /* Resources */ = {
			isa = PBXResourcesBuildPhase;
			buildActionMask = 2147483647;
			files = (
				96420B781B7BA4A5004BB424 /* Onboarding.storyboard in Resources */,
				96420B7D1B7BA4A5004BB424 /* LaunchScreen.xib in Resources */,
				96420B7A1B7BA4A5004BB424 /* Images.xcassets in Resources */,
				96C2A0B21B7CCDB2007F45E6 /* Cars.storyboard in Resources */,
			);
			runOnlyForDeploymentPostprocessing = 0;
		};
/* End PBXResourcesBuildPhase section */

/* Begin PBXShellScriptBuildPhase section */
		319C860B3DDF69F6E8A88F47 /* Embed Pods Frameworks */ = {
			isa = PBXShellScriptBuildPhase;
			buildActionMask = 2147483647;
			files = (
			);
			inputPaths = (
			);
			name = "Embed Pods Frameworks";
			outputPaths = (
			);
			runOnlyForDeploymentPostprocessing = 0;
			shellPath = /bin/sh;
			shellScript = "\"${SRCROOT}/Pods/Target Support Files/Pods-FalaComMeuCarro/Pods-FalaComMeuCarro-frameworks.sh\"\n";
			showEnvVarsInLog = 0;
		};
		5BFD8E9AA91EDE4D2248213E /* Copy Pods Resources */ = {
			isa = PBXShellScriptBuildPhase;
			buildActionMask = 2147483647;
			files = (
			);
			inputPaths = (
			);
			name = "Copy Pods Resources";
			outputPaths = (
			);
			runOnlyForDeploymentPostprocessing = 0;
			shellPath = /bin/sh;
			shellScript = "\"${SRCROOT}/Pods/Target Support Files/Pods-FalaComMeuCarro/Pods-FalaComMeuCarro-resources.sh\"\n";
			showEnvVarsInLog = 0;
		};
		960CA9301B9A0F1000023702 /* Run Script - Fabric */ = {
			isa = PBXShellScriptBuildPhase;
			buildActionMask = 2147483647;
			files = (
			);
			inputPaths = (
			);
			name = "Run Script - Fabric";
			outputPaths = (
			);
			runOnlyForDeploymentPostprocessing = 0;
			shellPath = /bin/sh;
			shellScript = "\"${PODS_ROOT}/Fabric/Fabric.framework/run\" d755fc6afce425dd611af6e6129b210edaa514ba 8cc8bb27b7b0cca83f23953ccd681dea7a61dc8e36791ce88768da1c16b4042b";
		};
		969D18F31B9A3859000E1779 /* Run Script - IP Address ruby */ = {
			isa = PBXShellScriptBuildPhase;
			buildActionMask = 2147483647;
			files = (
			);
			inputPaths = (
			);
			name = "Run Script - IP Address ruby";
			outputPaths = (
			);
			runOnlyForDeploymentPostprocessing = 0;
			shellPath = /bin/sh;
			shellScript = "ruby ip_address.rb\n";
		};
		96C2A0A41B7BD945007F45E6 /* Run Script - Natalie */ = {
			isa = PBXShellScriptBuildPhase;
			buildActionMask = 2147483647;
			files = (
			);
			inputPaths = (
			);
			name = "Run Script - Natalie";
			outputPaths = (
			);
			runOnlyForDeploymentPostprocessing = 0;
			shellPath = /bin/sh;
			shellScript = "echo \"Natalie generator\"\n\nNATALIE_PATH=\"/usr/local/bin/natalie.swift\"\n\nif [ -f $NATALIE_PATH ]\nthen\n$NATALIE_PATH \"$PROJECT_DIR/$PROJECT_NAME\" > \"$PROJECT_DIR/$PROJECT_NAME/Storyboards.swift\"\nfi";
		};
		CACDF51FDA934EC85A7F4B64 /* Check Pods Manifest.lock */ = {
			isa = PBXShellScriptBuildPhase;
			buildActionMask = 2147483647;
			files = (
			);
			inputPaths = (
			);
			name = "Check Pods Manifest.lock";
			outputPaths = (
			);
			runOnlyForDeploymentPostprocessing = 0;
			shellPath = /bin/sh;
			shellScript = "diff \"${PODS_ROOT}/../Podfile.lock\" \"${PODS_ROOT}/Manifest.lock\" > /dev/null\nif [[ $? != 0 ]] ; then\n    cat << EOM\nerror: The sandbox is not in sync with the Podfile.lock. Run 'pod install' or update your CocoaPods installation.\nEOM\n    exit 1\nfi\n";
			showEnvVarsInLog = 0;
		};
/* End PBXShellScriptBuildPhase section */

/* Begin PBXSourcesBuildPhase section */
		96420B691B7BA4A5004BB424 /* Sources */ = {
			isa = PBXSourcesBuildPhase;
			buildActionMask = 2147483647;
			files = (
				96C2A0981B7BAA32007F45E6 /* Post.swift in Sources */,
				96420B751B7BA4A5004BB424 /* HomeViewController.swift in Sources */,
				96C2A0B91B7CFF8D007F45E6 /* InterStoryboardsSegue.swift in Sources */,
				96C2A09B1B7BAB4D007F45E6 /* Router.swift in Sources */,
				960CA92D1B99CD1F00023702 /* ResponseArray.swift in Sources */,
				960CA92B1B98BB9D00023702 /* ResponseObject.swift in Sources */,
				96C2A0B51B7CD153007F45E6 /* InterStoryboardsPushSegue.swift in Sources */,
				96420B731B7BA4A5004BB424 /* AppDelegate.swift in Sources */,
				969D18F51B9A3914000E1779 /* IPAddress.swift in Sources */,
				960CA92F1B99E10800023702 /* GoToPlateViewController.swift in Sources */,
				96C2A0B01B7CCC71007F45E6 /* LoginViewController.swift in Sources */,
				96C2A0A01B7BBC78007F45E6 /* CreatePostViewController.swift in Sources */,
				96C2A0B71B7CD88B007F45E6 /* InterStoryboardsPresentSegue.swift in Sources */,
				96C2A09E1B7BB250007F45E6 /* PostCell.swift in Sources */,
				96C2A0A61B7BD984007F45E6 /* Storyboards.swift in Sources */,
			);
			runOnlyForDeploymentPostprocessing = 0;
		};
/* End PBXSourcesBuildPhase section */

/* Begin PBXVariantGroup section */
		96420B761B7BA4A5004BB424 /* Onboarding.storyboard */ = {
			isa = PBXVariantGroup;
			children = (
				96420B771B7BA4A5004BB424 /* Base */,
			);
			name = Onboarding.storyboard;
			path = .;
			sourceTree = "<group>";
		};
		96420B7B1B7BA4A5004BB424 /* LaunchScreen.xib */ = {
			isa = PBXVariantGroup;
			children = (
				96420B7C1B7BA4A5004BB424 /* Base */,
			);
			name = LaunchScreen.xib;
			path = .;
			sourceTree = "<group>";
		};
/* End PBXVariantGroup section */

/* Begin XCBuildConfiguration section */
		96420B8A1B7BA4A5004BB424 /* Debug */ = {
			isa = XCBuildConfiguration;
			buildSettings = {
				ALWAYS_SEARCH_USER_PATHS = NO;
				CLANG_CXX_LANGUAGE_STANDARD = "gnu++0x";
				CLANG_CXX_LIBRARY = "libc++";
				CLANG_ENABLE_MODULES = YES;
				CLANG_ENABLE_OBJC_ARC = YES;
				CLANG_WARN_BOOL_CONVERSION = YES;
				CLANG_WARN_CONSTANT_CONVERSION = YES;
				CLANG_WARN_DIRECT_OBJC_ISA_USAGE = YES_ERROR;
				CLANG_WARN_EMPTY_BODY = YES;
				CLANG_WARN_ENUM_CONVERSION = YES;
				CLANG_WARN_INT_CONVERSION = YES;
				CLANG_WARN_OBJC_ROOT_CLASS = YES_ERROR;
				CLANG_WARN_UNREACHABLE_CODE = YES;
				CLANG_WARN__DUPLICATE_METHOD_MATCH = YES;
				"CODE_SIGN_IDENTITY[sdk=iphoneos*]" = "iPhone Developer";
				COPY_PHASE_STRIP = NO;
				DEBUG_INFORMATION_FORMAT = "dwarf-with-dsym";
				ENABLE_STRICT_OBJC_MSGSEND = YES;
				GCC_C_LANGUAGE_STANDARD = gnu99;
				GCC_DYNAMIC_NO_PIC = NO;
				GCC_NO_COMMON_BLOCKS = YES;
				GCC_OPTIMIZATION_LEVEL = 0;
				GCC_PREPROCESSOR_DEFINITIONS = (
					"DEBUG=1",
					"$(inherited)",
				);
				GCC_SYMBOLS_PRIVATE_EXTERN = NO;
				GCC_WARN_64_TO_32_BIT_CONVERSION = YES;
				GCC_WARN_ABOUT_RETURN_TYPE = YES_ERROR;
				GCC_WARN_UNDECLARED_SELECTOR = YES;
				GCC_WARN_UNINITIALIZED_AUTOS = YES_AGGRESSIVE;
				GCC_WARN_UNUSED_FUNCTION = YES;
				GCC_WARN_UNUSED_VARIABLE = YES;
				IPHONEOS_DEPLOYMENT_TARGET = 8.4;
				MTL_ENABLE_DEBUG_INFO = YES;
				ONLY_ACTIVE_ARCH = YES;
				SDKROOT = iphoneos;
				SWIFT_OPTIMIZATION_LEVEL = "-Onone";
			};
			name = Debug;
		};
		96420B8B1B7BA4A5004BB424 /* Release */ = {
			isa = XCBuildConfiguration;
			buildSettings = {
				ALWAYS_SEARCH_USER_PATHS = NO;
				CLANG_CXX_LANGUAGE_STANDARD = "gnu++0x";
				CLANG_CXX_LIBRARY = "libc++";
				CLANG_ENABLE_MODULES = YES;
				CLANG_ENABLE_OBJC_ARC = YES;
				CLANG_WARN_BOOL_CONVERSION = YES;
				CLANG_WARN_CONSTANT_CONVERSION = YES;
				CLANG_WARN_DIRECT_OBJC_ISA_USAGE = YES_ERROR;
				CLANG_WARN_EMPTY_BODY = YES;
				CLANG_WARN_ENUM_CONVERSION = YES;
				CLANG_WARN_INT_CONVERSION = YES;
				CLANG_WARN_OBJC_ROOT_CLASS = YES_ERROR;
				CLANG_WARN_UNREACHABLE_CODE = YES;
				CLANG_WARN__DUPLICATE_METHOD_MATCH = YES;
				"CODE_SIGN_IDENTITY[sdk=iphoneos*]" = "iPhone Developer";
				COPY_PHASE_STRIP = NO;
				DEBUG_INFORMATION_FORMAT = "dwarf-with-dsym";
				ENABLE_NS_ASSERTIONS = NO;
				ENABLE_STRICT_OBJC_MSGSEND = YES;
				GCC_C_LANGUAGE_STANDARD = gnu99;
				GCC_NO_COMMON_BLOCKS = YES;
				GCC_WARN_64_TO_32_BIT_CONVERSION = YES;
				GCC_WARN_ABOUT_RETURN_TYPE = YES_ERROR;
				GCC_WARN_UNDECLARED_SELECTOR = YES;
				GCC_WARN_UNINITIALIZED_AUTOS = YES_AGGRESSIVE;
				GCC_WARN_UNUSED_FUNCTION = YES;
				GCC_WARN_UNUSED_VARIABLE = YES;
				IPHONEOS_DEPLOYMENT_TARGET = 8.4;
				MTL_ENABLE_DEBUG_INFO = NO;
				SDKROOT = iphoneos;
				VALIDATE_PRODUCT = YES;
			};
			name = Release;
		};
		96420B8D1B7BA4A5004BB424 /* Debug */ = {
			isa = XCBuildConfiguration;
			baseConfigurationReference = 08275B905E911FAE3176747F /* Pods-FalaComMeuCarro.debug.xcconfig */;
			buildSettings = {
				ASSETCATALOG_COMPILER_APPICON_NAME = AppIcon;
				CLANG_ENABLE_MODULES = YES;
				CODE_SIGN_IDENTITY = "";
				"CODE_SIGN_IDENTITY[sdk=iphoneos*]" = "";
				FRAMEWORK_SEARCH_PATHS = (
					"$(inherited)",
					"$(PROJECT_DIR)",
				);
				INFOPLIST_FILE = "$(SRCROOT)/FalaComMeuCarro/Supporting Files/Info.plist";
				LD_RUNPATH_SEARCH_PATHS = "$(inherited) @executable_path/Frameworks";
				PRODUCT_NAME = FalaComMeuCarro;
				PROVISIONING_PROFILE = "a92d791b-f213-4887-85ae-c9f791401f97";
				SWIFT_OBJC_BRIDGING_HEADER = "FalaComMeuCarro/Supporting Files/FalaComMeuCarro-Bridging-Header.h";
				SWIFT_OPTIMIZATION_LEVEL = "-Onone";
			};
			name = Debug;
		};
		96420B8E1B7BA4A5004BB424 /* Release */ = {
			isa = XCBuildConfiguration;
			baseConfigurationReference = 621D447816203B459B48FB2E /* Pods-FalaComMeuCarro.release.xcconfig */;
			buildSettings = {
				ASSETCATALOG_COMPILER_APPICON_NAME = AppIcon;
				CLANG_ENABLE_MODULES = YES;
				CODE_SIGN_IDENTITY = "";
				FRAMEWORK_SEARCH_PATHS = (
					"$(inherited)",
					"$(PROJECT_DIR)",
				);
				INFOPLIST_FILE = "$(SRCROOT)/FalaComMeuCarro/Supporting Files/Info.plist";
				LD_RUNPATH_SEARCH_PATHS = "$(inherited) @executable_path/Frameworks";
				PRODUCT_NAME = FalaComMeuCarro;
				PROVISIONING_PROFILE = "a92d791b-f213-4887-85ae-c9f791401f97";
				SWIFT_OBJC_BRIDGING_HEADER = "FalaComMeuCarro/Supporting Files/FalaComMeuCarro-Bridging-Header.h";
			};
			name = Release;
		};
/* End XCBuildConfiguration section */

/* Begin XCConfigurationList section */
		96420B681B7BA4A5004BB424 /* Build configuration list for PBXProject "FalaComMeuCarro" */ = {
			isa = XCConfigurationList;
			buildConfigurations = (
				96420B8A1B7BA4A5004BB424 /* Debug */,
				96420B8B1B7BA4A5004BB424 /* Release */,
			);
			defaultConfigurationIsVisible = 0;
			defaultConfigurationName = Release;
		};
		96420B8C1B7BA4A5004BB424 /* Build configuration list for PBXNativeTarget "FalaComMeuCarro" */ = {
			isa = XCConfigurationList;
			buildConfigurations = (
				96420B8D1B7BA4A5004BB424 /* Debug */,
				96420B8E1B7BA4A5004BB424 /* Release */,
			);
			defaultConfigurationIsVisible = 0;
			defaultConfigurationName = Release;
		};
/* End XCConfigurationList section */
	};
	rootObject = 96420B651B7BA4A5004BB424 /* Project object */;
}
